// !$*UTF8*$!
{
	archiveVersion = 1;
	classes = {
	};
	objectVersion = 46;
	objects = {

/* Begin PBXBuildFile section */
		CE7211DB1B0619600025F072 /* AppDelegate.swift in Sources */ = {isa = PBXBuildFile; fileRef = CE7211DA1B0619600025F072 /* AppDelegate.swift */; };
		CE7211DD1B0619600025F072 /* ViewController.swift in Sources */ = {isa = PBXBuildFile; fileRef = CE7211DC1B0619600025F072 /* ViewController.swift */; };
		CE7211E01B0619600025F072 /* Main.storyboard in Resources */ = {isa = PBXBuildFile; fileRef = CE7211DE1B0619600025F072 /* Main.storyboard */; };
		CE7211E21B0619600025F072 /* Images.xcassets in Resources */ = {isa = PBXBuildFile; fileRef = CE7211E11B0619600025F072 /* Images.xcassets */; };
		CE7211E51B0619600025F072 /* LaunchScreen.xib in Resources */ = {isa = PBXBuildFile; fileRef = CE7211E31B0619600025F072 /* LaunchScreen.xib */; };
		CE7211F11B0619600025F072 /* SkillTestTests.swift in Sources */ = {isa = PBXBuildFile; fileRef = CE7211F01B0619600025F072 /* SkillTestTests.swift */; };
		CE7212041B0619B80025F072 /* Calendar.h in Headers */ = {isa = PBXBuildFile; fileRef = CE7212031B0619B80025F072 /* Calendar.h */; settings = {ATTRIBUTES = (Public, ); }; };
		CE72120A1B0619B90025F072 /* Calendar.framework in Frameworks */ = {isa = PBXBuildFile; fileRef = CE7211FF1B0619B80025F072 /* Calendar.framework */; };
		CE7212131B0619B90025F072 /* CalendarTests.swift in Sources */ = {isa = PBXBuildFile; fileRef = CE7212121B0619B90025F072 /* CalendarTests.swift */; };
		CE7212161B0619B90025F072 /* Calendar.framework in Frameworks */ = {isa = PBXBuildFile; fileRef = CE7211FF1B0619B80025F072 /* Calendar.framework */; };
		CE7212171B0619B90025F072 /* Calendar.framework in Embed Frameworks */ = {isa = PBXBuildFile; fileRef = CE7211FF1B0619B80025F072 /* Calendar.framework */; settings = {ATTRIBUTES = (CodeSignOnCopy, RemoveHeadersOnCopy, ); }; };
		CE7212201B0619FA0025F072 /* CalendarView.swift in Sources */ = {isa = PBXBuildFile; fileRef = CE72121F1B0619FA0025F072 /* CalendarView.swift */; };
		CE7212221B061A250025F072 /* CalendarRow.swift in Sources */ = {isa = PBXBuildFile; fileRef = CE7212211B061A250025F072 /* CalendarRow.swift */; };
		CE7212241B0714E10025F072 /* Images.xcassets in Resources */ = {isa = PBXBuildFile; fileRef = CE7212231B0714E10025F072 /* Images.xcassets */; };
		CE7212261B0722E60025F072 /* UIView+Constraints.swift in Sources */ = {isa = PBXBuildFile; fileRef = CE7212251B0722E60025F072 /* UIView+Constraints.swift */; };
		CE7212281B0728DF0025F072 /* StatusImageView.swift in Sources */ = {isa = PBXBuildFile; fileRef = CE7212271B0728DF0025F072 /* StatusImageView.swift */; };
		CE72122A1B07298A0025F072 /* Constants.swift in Sources */ = {isa = PBXBuildFile; fileRef = CE7212291B07298A0025F072 /* Constants.swift */; };
		CE72122B1B0731330025F072 /* Images.xcassets in Resources */ = {isa = PBXBuildFile; fileRef = CE7212231B0714E10025F072 /* Images.xcassets */; };
/* End PBXBuildFile section */

/* Begin PBXContainerItemProxy section */
		CE7211EB1B0619600025F072 /* PBXContainerItemProxy */ = {
			isa = PBXContainerItemProxy;
			containerPortal = CE7211CD1B0619600025F072 /* Project object */;
			proxyType = 1;
			remoteGlobalIDString = CE7211D41B0619600025F072;
			remoteInfo = SkillTest;
		};
		CE72120B1B0619B90025F072 /* PBXContainerItemProxy */ = {
			isa = PBXContainerItemProxy;
			containerPortal = CE7211CD1B0619600025F072 /* Project object */;
			proxyType = 1;
			remoteGlobalIDString = CE7211FE1B0619B80025F072;
			remoteInfo = Calendar;
		};
		CE72120D1B0619B90025F072 /* PBXContainerItemProxy */ = {
			isa = PBXContainerItemProxy;
			containerPortal = CE7211CD1B0619600025F072 /* Project object */;
			proxyType = 1;
			remoteGlobalIDString = CE7211D41B0619600025F072;
			remoteInfo = SkillTest;
		};
		CE7212141B0619B90025F072 /* PBXContainerItemProxy */ = {
			isa = PBXContainerItemProxy;
			containerPortal = CE7211CD1B0619600025F072 /* Project object */;
			proxyType = 1;
			remoteGlobalIDString = CE7211FE1B0619B80025F072;
			remoteInfo = Calendar;
		};
/* End PBXContainerItemProxy section */

/* Begin PBXCopyFilesBuildPhase section */
		CE72121B1B0619B90025F072 /* Embed Frameworks */ = {
			isa = PBXCopyFilesBuildPhase;
			buildActionMask = 2147483647;
			dstPath = "";
			dstSubfolderSpec = 10;
			files = (
				CE7212171B0619B90025F072 /* Calendar.framework in Embed Frameworks */,
			);
			name = "Embed Frameworks";
			runOnlyForDeploymentPostprocessing = 0;
		};
/* End PBXCopyFilesBuildPhase section */

/* Begin PBXFileReference section */
		CE7211D51B0619600025F072 /* SkillTest.app */ = {isa = PBXFileReference; explicitFileType = wrapper.application; includeInIndex = 0; path = SkillTest.app; sourceTree = BUILT_PRODUCTS_DIR; };
		CE7211D91B0619600025F072 /* Info.plist */ = {isa = PBXFileReference; lastKnownFileType = text.plist.xml; path = Info.plist; sourceTree = "<group>"; };
		CE7211DA1B0619600025F072 /* AppDelegate.swift */ = {isa = PBXFileReference; lastKnownFileType = sourcecode.swift; path = AppDelegate.swift; sourceTree = "<group>"; };
		CE7211DC1B0619600025F072 /* ViewController.swift */ = {isa = PBXFileReference; lastKnownFileType = sourcecode.swift; path = ViewController.swift; sourceTree = "<group>"; };
		CE7211DF1B0619600025F072 /* Base */ = {isa = PBXFileReference; lastKnownFileType = file.storyboard; name = Base; path = Base.lproj/Main.storyboard; sourceTree = "<group>"; };
		CE7211E11B0619600025F072 /* Images.xcassets */ = {isa = PBXFileReference; lastKnownFileType = folder.assetcatalog; path = Images.xcassets; sourceTree = "<group>"; };
		CE7211E41B0619600025F072 /* Base */ = {isa = PBXFileReference; lastKnownFileType = file.xib; name = Base; path = Base.lproj/LaunchScreen.xib; sourceTree = "<group>"; };
		CE7211EA1B0619600025F072 /* SkillTestTests.xctest */ = {isa = PBXFileReference; explicitFileType = wrapper.cfbundle; includeInIndex = 0; path = SkillTestTests.xctest; sourceTree = BUILT_PRODUCTS_DIR; };
		CE7211EF1B0619600025F072 /* Info.plist */ = {isa = PBXFileReference; lastKnownFileType = text.plist.xml; path = Info.plist; sourceTree = "<group>"; };
		CE7211F01B0619600025F072 /* SkillTestTests.swift */ = {isa = PBXFileReference; lastKnownFileType = sourcecode.swift; path = SkillTestTests.swift; sourceTree = "<group>"; };
		CE7211FF1B0619B80025F072 /* Calendar.framework */ = {isa = PBXFileReference; explicitFileType = wrapper.framework; includeInIndex = 0; path = Calendar.framework; sourceTree = BUILT_PRODUCTS_DIR; };
		CE7212021B0619B80025F072 /* Info.plist */ = {isa = PBXFileReference; lastKnownFileType = text.plist.xml; path = Info.plist; sourceTree = "<group>"; };
		CE7212031B0619B80025F072 /* Calendar.h */ = {isa = PBXFileReference; lastKnownFileType = sourcecode.c.h; path = Calendar.h; sourceTree = "<group>"; };
		CE7212091B0619B90025F072 /* CalendarTests.xctest */ = {isa = PBXFileReference; explicitFileType = wrapper.cfbundle; includeInIndex = 0; path = CalendarTests.xctest; sourceTree = BUILT_PRODUCTS_DIR; };
		CE7212111B0619B90025F072 /* Info.plist */ = {isa = PBXFileReference; lastKnownFileType = text.plist.xml; path = Info.plist; sourceTree = "<group>"; };
		CE7212121B0619B90025F072 /* CalendarTests.swift */ = {isa = PBXFileReference; lastKnownFileType = sourcecode.swift; path = CalendarTests.swift; sourceTree = "<group>"; };
		CE72121F1B0619FA0025F072 /* CalendarView.swift */ = {isa = PBXFileReference; fileEncoding = 4; lastKnownFileType = sourcecode.swift; path = CalendarView.swift; sourceTree = "<group>"; };
		CE7212211B061A250025F072 /* CalendarRow.swift */ = {isa = PBXFileReference; fileEncoding = 4; lastKnownFileType = sourcecode.swift; path = CalendarRow.swift; sourceTree = "<group>"; };
		CE7212231B0714E10025F072 /* Images.xcassets */ = {isa = PBXFileReference; lastKnownFileType = folder.assetcatalog; path = Images.xcassets; sourceTree = "<group>"; };
		CE7212251B0722E60025F072 /* UIView+Constraints.swift */ = {isa = PBXFileReference; fileEncoding = 4; lastKnownFileType = sourcecode.swift; path = "UIView+Constraints.swift"; sourceTree = "<group>"; };
		CE7212271B0728DF0025F072 /* StatusImageView.swift */ = {isa = PBXFileReference; fileEncoding = 4; lastKnownFileType = sourcecode.swift; path = StatusImageView.swift; sourceTree = "<group>"; };
		CE7212291B07298A0025F072 /* Constants.swift */ = {isa = PBXFileReference; fileEncoding = 4; lastKnownFileType = sourcecode.swift; path = Constants.swift; sourceTree = "<group>"; };
/* End PBXFileReference section */

/* Begin PBXFrameworksBuildPhase section */
		CE7211D21B0619600025F072 /* Frameworks */ = {
			isa = PBXFrameworksBuildPhase;
			buildActionMask = 2147483647;
			files = (
				CE7212161B0619B90025F072 /* Calendar.framework in Frameworks */,
			);
			runOnlyForDeploymentPostprocessing = 0;
		};
		CE7211E71B0619600025F072 /* Frameworks */ = {
			isa = PBXFrameworksBuildPhase;
			buildActionMask = 2147483647;
			files = (
			);
			runOnlyForDeploymentPostprocessing = 0;
		};
		CE7211FB1B0619B80025F072 /* Frameworks */ = {
			isa = PBXFrameworksBuildPhase;
			buildActionMask = 2147483647;
			files = (
			);
			runOnlyForDeploymentPostprocessing = 0;
		};
		CE7212061B0619B90025F072 /* Frameworks */ = {
			isa = PBXFrameworksBuildPhase;
			buildActionMask = 2147483647;
			files = (
				CE72120A1B0619B90025F072 /* Calendar.framework in Frameworks */,
			);
			runOnlyForDeploymentPostprocessing = 0;
		};
/* End PBXFrameworksBuildPhase section */

/* Begin PBXGroup section */
		CE7211CC1B0619600025F072 = {
			isa = PBXGroup;
			children = (
				CE7211D71B0619600025F072 /* SkillTest */,
				CE7211ED1B0619600025F072 /* SkillTestTests */,
				CE7212001B0619B80025F072 /* Calendar */,
				CE72120F1B0619B90025F072 /* CalendarTests */,
				CE7211D61B0619600025F072 /* Products */,
			);
			sourceTree = "<group>";
		};
		CE7211D61B0619600025F072 /* Products */ = {
			isa = PBXGroup;
			children = (
				CE7211D51B0619600025F072 /* SkillTest.app */,
				CE7211EA1B0619600025F072 /* SkillTestTests.xctest */,
				CE7211FF1B0619B80025F072 /* Calendar.framework */,
				CE7212091B0619B90025F072 /* CalendarTests.xctest */,
			);
			name = Products;
			sourceTree = "<group>";
		};
		CE7211D71B0619600025F072 /* SkillTest */ = {
			isa = PBXGroup;
			children = (
				CE7211DA1B0619600025F072 /* AppDelegate.swift */,
				CE7211DC1B0619600025F072 /* ViewController.swift */,
				CE7211DE1B0619600025F072 /* Main.storyboard */,
				CE7211E11B0619600025F072 /* Images.xcassets */,
				CE7211E31B0619600025F072 /* LaunchScreen.xib */,
				CE7211D81B0619600025F072 /* Supporting Files */,
			);
			path = SkillTest;
			sourceTree = "<group>";
		};
		CE7211D81B0619600025F072 /* Supporting Files */ = {
			isa = PBXGroup;
			children = (
				CE7211D91B0619600025F072 /* Info.plist */,
			);
			name = "Supporting Files";
			sourceTree = "<group>";
		};
		CE7211ED1B0619600025F072 /* SkillTestTests */ = {
			isa = PBXGroup;
			children = (
				CE7211F01B0619600025F072 /* SkillTestTests.swift */,
				CE7211EE1B0619600025F072 /* Supporting Files */,
			);
			path = SkillTestTests;
			sourceTree = "<group>";
		};
		CE7211EE1B0619600025F072 /* Supporting Files */ = {
			isa = PBXGroup;
			children = (
				CE7211EF1B0619600025F072 /* Info.plist */,
			);
			name = "Supporting Files";
			sourceTree = "<group>";
		};
		CE7212001B0619B80025F072 /* Calendar */ = {
			isa = PBXGroup;
			children = (
				CE7212031B0619B80025F072 /* Calendar.h */,
				CE7212291B07298A0025F072 /* Constants.swift */,
				CE7212251B0722E60025F072 /* UIView+Constraints.swift */,
				CE72121F1B0619FA0025F072 /* CalendarView.swift */,
				CE7212211B061A250025F072 /* CalendarRow.swift */,
				CE7212271B0728DF0025F072 /* StatusImageView.swift */,
				CE7212011B0619B80025F072 /* Supporting Files */,
				CE7212231B0714E10025F072 /* Images.xcassets */,
			);
			path = Calendar;
			sourceTree = "<group>";
		};
		CE7212011B0619B80025F072 /* Supporting Files */ = {
			isa = PBXGroup;
			children = (
				CE7212021B0619B80025F072 /* Info.plist */,
			);
			name = "Supporting Files";
			sourceTree = "<group>";
		};
		CE72120F1B0619B90025F072 /* CalendarTests */ = {
			isa = PBXGroup;
			children = (
				CE7212121B0619B90025F072 /* CalendarTests.swift */,
				CE7212101B0619B90025F072 /* Supporting Files */,
			);
			path = CalendarTests;
			sourceTree = "<group>";
		};
		CE7212101B0619B90025F072 /* Supporting Files */ = {
			isa = PBXGroup;
			children = (
				CE7212111B0619B90025F072 /* Info.plist */,
			);
			name = "Supporting Files";
			sourceTree = "<group>";
		};
/* End PBXGroup section */

/* Begin PBXHeadersBuildPhase section */
		CE7211FC1B0619B80025F072 /* Headers */ = {
			isa = PBXHeadersBuildPhase;
			buildActionMask = 2147483647;
			files = (
				CE7212041B0619B80025F072 /* Calendar.h in Headers */,
			);
			runOnlyForDeploymentPostprocessing = 0;
		};
/* End PBXHeadersBuildPhase section */

/* Begin PBXNativeTarget section */
		CE7211D41B0619600025F072 /* SkillTest */ = {
			isa = PBXNativeTarget;
			buildConfigurationList = CE7211F41B0619600025F072 /* Build configuration list for PBXNativeTarget "SkillTest" */;
			buildPhases = (
				CE7211D11B0619600025F072 /* Sources */,
				CE7211D21B0619600025F072 /* Frameworks */,
				CE7211D31B0619600025F072 /* Resources */,
				CE72121B1B0619B90025F072 /* Embed Frameworks */,
			);
			buildRules = (
			);
			dependencies = (
				CE7212151B0619B90025F072 /* PBXTargetDependency */,
			);
			name = SkillTest;
			productName = SkillTest;
			productReference = CE7211D51B0619600025F072 /* SkillTest.app */;
			productType = "com.apple.product-type.application";
		};
		CE7211E91B0619600025F072 /* SkillTestTests */ = {
			isa = PBXNativeTarget;
			buildConfigurationList = CE7211F71B0619600025F072 /* Build configuration list for PBXNativeTarget "SkillTestTests" */;
			buildPhases = (
				CE7211E61B0619600025F072 /* Sources */,
				CE7211E71B0619600025F072 /* Frameworks */,
				CE7211E81B0619600025F072 /* Resources */,
			);
			buildRules = (
			);
			dependencies = (
				CE7211EC1B0619600025F072 /* PBXTargetDependency */,
			);
			name = SkillTestTests;
			productName = SkillTestTests;
			productReference = CE7211EA1B0619600025F072 /* SkillTestTests.xctest */;
			productType = "com.apple.product-type.bundle.unit-test";
		};
		CE7211FE1B0619B80025F072 /* Calendar */ = {
			isa = PBXNativeTarget;
			buildConfigurationList = CE7212181B0619B90025F072 /* Build configuration list for PBXNativeTarget "Calendar" */;
			buildPhases = (
				CE7211FA1B0619B80025F072 /* Sources */,
				CE7211FB1B0619B80025F072 /* Frameworks */,
				CE7211FC1B0619B80025F072 /* Headers */,
				CE7211FD1B0619B80025F072 /* Resources */,
			);
			buildRules = (
			);
			dependencies = (
			);
			name = Calendar;
			productName = Calendar;
			productReference = CE7211FF1B0619B80025F072 /* Calendar.framework */;
			productType = "com.apple.product-type.framework";
		};
		CE7212081B0619B90025F072 /* CalendarTests */ = {
			isa = PBXNativeTarget;
			buildConfigurationList = CE72121C1B0619B90025F072 /* Build configuration list for PBXNativeTarget "CalendarTests" */;
			buildPhases = (
				CE7212051B0619B90025F072 /* Sources */,
				CE7212061B0619B90025F072 /* Frameworks */,
				CE7212071B0619B90025F072 /* Resources */,
			);
			buildRules = (
			);
			dependencies = (
				CE72120C1B0619B90025F072 /* PBXTargetDependency */,
				CE72120E1B0619B90025F072 /* PBXTargetDependency */,
			);
			name = CalendarTests;
			productName = CalendarTests;
			productReference = CE7212091B0619B90025F072 /* CalendarTests.xctest */;
			productType = "com.apple.product-type.bundle.unit-test";
		};
/* End PBXNativeTarget section */

/* Begin PBXProject section */
		CE7211CD1B0619600025F072 /* Project object */ = {
			isa = PBXProject;
			attributes = {
				LastUpgradeCheck = 0630;
				ORGANIZATIONNAME = "Eike Bartels";
				TargetAttributes = {
					CE7211D41B0619600025F072 = {
						CreatedOnToolsVersion = 6.3.1;
					};
					CE7211E91B0619600025F072 = {
						CreatedOnToolsVersion = 6.3.1;
						TestTargetID = CE7211D41B0619600025F072;
					};
					CE7211FE1B0619B80025F072 = {
						CreatedOnToolsVersion = 6.3.1;
					};
					CE7212081B0619B90025F072 = {
						CreatedOnToolsVersion = 6.3.1;
						TestTargetID = CE7211D41B0619600025F072;
					};
				};
			};
			buildConfigurationList = CE7211D01B0619600025F072 /* Build configuration list for PBXProject "SkillTest" */;
			compatibilityVersion = "Xcode 3.2";
			developmentRegion = English;
			hasScannedForEncodings = 0;
			knownRegions = (
				en,
				Base,
			);
			mainGroup = CE7211CC1B0619600025F072;
			productRefGroup = CE7211D61B0619600025F072 /* Products */;
			projectDirPath = "";
			projectRoot = "";
			targets = (
				CE7211D41B0619600025F072 /* SkillTest */,
				CE7211E91B0619600025F072 /* SkillTestTests */,
				CE7211FE1B0619B80025F072 /* Calendar */,
				CE7212081B0619B90025F072 /* CalendarTests */,
			);
		};
/* End PBXProject section */

/* Begin PBXResourcesBuildPhase section */
		CE7211D31B0619600025F072 /* Resources */ = {
			isa = PBXResourcesBuildPhase;
			buildActionMask = 2147483647;
			files = (
				CE7211E01B0619600025F072 /* Main.storyboard in Resources */,
				CE72122B1B0731330025F072 /* Images.xcassets in Resources */,
				CE7211E51B0619600025F072 /* LaunchScreen.xib in Resources */,
				CE7211E21B0619600025F072 /* Images.xcassets in Resources */,
			);
			runOnlyForDeploymentPostprocessing = 0;
		};
		CE7211E81B0619600025F072 /* Resources */ = {
			isa = PBXResourcesBuildPhase;
			buildActionMask = 2147483647;
			files = (
			);
			runOnlyForDeploymentPostprocessing = 0;
		};
		CE7211FD1B0619B80025F072 /* Resources */ = {
			isa = PBXResourcesBuildPhase;
			buildActionMask = 2147483647;
			files = (
				CE7212241B0714E10025F072 /* Images.xcassets in Resources */,
			);
			runOnlyForDeploymentPostprocessing = 0;
		};
		CE7212071B0619B90025F072 /* Resources */ = {
			isa = PBXResourcesBuildPhase;
			buildActionMask = 2147483647;
			files = (
			);
			runOnlyForDeploymentPostprocessing = 0;
		};
/* End PBXResourcesBuildPhase section */

/* Begin PBXSourcesBuildPhase section */
		CE7211D11B0619600025F072 /* Sources */ = {
			isa = PBXSourcesBuildPhase;
			buildActionMask = 2147483647;
			files = (
				CE7211DD1B0619600025F072 /* ViewController.swift in Sources */,
				CE7211DB1B0619600025F072 /* AppDelegate.swift in Sources */,
			);
			runOnlyForDeploymentPostprocessing = 0;
		};
		CE7211E61B0619600025F072 /* Sources */ = {
			isa = PBXSourcesBuildPhase;
			buildActionMask = 2147483647;
			files = (
				CE7211F11B0619600025F072 /* SkillTestTests.swift in Sources */,
			);
			runOnlyForDeploymentPostprocessing = 0;
		};
		CE7211FA1B0619B80025F072 /* Sources */ = {
			isa = PBXSourcesBuildPhase;
			buildActionMask = 2147483647;
			files = (
				CE72122A1B07298A0025F072 /* Constants.swift in Sources */,
				CE7212261B0722E60025F072 /* UIView+Constraints.swift in Sources */,
				CE7212221B061A250025F072 /* CalendarRow.swift in Sources */,
				CE7212281B0728DF0025F072 /* StatusImageView.swift in Sources */,
				CE7212201B0619FA0025F072 /* CalendarView.swift in Sources */,
			);
			runOnlyForDeploymentPostprocessing = 0;
		};
		CE7212051B0619B90025F072 /* Sources */ = {
			isa = PBXSourcesBuildPhase;
			buildActionMask = 2147483647;
			files = (
				CE7212131B0619B90025F072 /* CalendarTests.swift in Sources */,
			);
			runOnlyForDeploymentPostprocessing = 0;
		};
/* End PBXSourcesBuildPhase section */

/* Begin PBXTargetDependency section */
		CE7211EC1B0619600025F072 /* PBXTargetDependency */ = {
			isa = PBXTargetDependency;
			target = CE7211D41B0619600025F072 /* SkillTest */;
			targetProxy = CE7211EB1B0619600025F072 /* PBXContainerItemProxy */;
		};
		CE72120C1B0619B90025F072 /* PBXTargetDependency */ = {
			isa = PBXTargetDependency;
			target = CE7211FE1B0619B80025F072 /* Calendar */;
			targetProxy = CE72120B1B0619B90025F072 /* PBXContainerItemProxy */;
		};
		CE72120E1B0619B90025F072 /* PBXTargetDependency */ = {
			isa = PBXTargetDependency;
			target = CE7211D41B0619600025F072 /* SkillTest */;
			targetProxy = CE72120D1B0619B90025F072 /* PBXContainerItemProxy */;
		};
		CE7212151B0619B90025F072 /* PBXTargetDependency */ = {
			isa = PBXTargetDependency;
			target = CE7211FE1B0619B80025F072 /* Calendar */;
			targetProxy = CE7212141B0619B90025F072 /* PBXContainerItemProxy */;
		};
/* End PBXTargetDependency section */

/* Begin PBXVariantGroup section */
		CE7211DE1B0619600025F072 /* Main.storyboard */ = {
			isa = PBXVariantGroup;
			children = (
				CE7211DF1B0619600025F072 /* Base */,
			);
			name = Main.storyboard;
			sourceTree = "<group>";
		};
		CE7211E31B0619600025F072 /* LaunchScreen.xib */ = {
			isa = PBXVariantGroup;
			children = (
				CE7211E41B0619600025F072 /* Base */,
			);
			name = LaunchScreen.xib;
			sourceTree = "<group>";
		};
/* End PBXVariantGroup section */

/* Begin XCBuildConfiguration section */
		CE7211F21B0619600025F072 /* Debug */ = {
			isa = XCBuildConfiguration;
			buildSettings = {
				ALWAYS_SEARCH_USER_PATHS = NO;
				CLANG_CXX_LANGUAGE_STANDARD = "gnu++0x";
				CLANG_CXX_LIBRARY = "libc++";
				CLANG_ENABLE_MODULES = YES;
				CLANG_ENABLE_OBJC_ARC = YES;
				CLANG_WARN_BOOL_CONVERSION = YES;
				CLANG_WARN_CONSTANT_CONVERSION = YES;
				CLANG_WARN_DIRECT_OBJC_ISA_USAGE = YES_ERROR;
				CLANG_WARN_EMPTY_BODY = YES;
				CLANG_WARN_ENUM_CONVERSION = YES;
				CLANG_WARN_INT_CONVERSION = YES;
				CLANG_WARN_OBJC_ROOT_CLASS = YES_ERROR;
				CLANG_WARN_UNREACHABLE_CODE = YES;
				CLANG_WARN__DUPLICATE_METHOD_MATCH = YES;
				"CODE_SIGN_IDENTITY[sdk=iphoneos*]" = "iPhone Developer";
				COPY_PHASE_STRIP = NO;
				DEBUG_INFORMATION_FORMAT = "dwarf-with-dsym";
				ENABLE_STRICT_OBJC_MSGSEND = YES;
				GCC_C_LANGUAGE_STANDARD = gnu99;
				GCC_DYNAMIC_NO_PIC = NO;
				GCC_NO_COMMON_BLOCKS = YES;
				GCC_OPTIMIZATION_LEVEL = 0;
				GCC_PREPROCESSOR_DEFINITIONS = (
					"DEBUG=1",
					"$(inherited)",
				);
				GCC_SYMBOLS_PRIVATE_EXTERN = NO;
				GCC_WARN_64_TO_32_BIT_CONVERSION = YES;
				GCC_WARN_ABOUT_RETURN_TYPE = YES_ERROR;
				GCC_WARN_UNDECLARED_SELECTOR = YES;
				GCC_WARN_UNINITIALIZED_AUTOS = YES_AGGRESSIVE;
				GCC_WARN_UNUSED_FUNCTION = YES;
				GCC_WARN_UNUSED_VARIABLE = YES;
				IPHONEOS_DEPLOYMENT_TARGET = 8.3;
				MTL_ENABLE_DEBUG_INFO = YES;
				ONLY_ACTIVE_ARCH = YES;
				SDKROOT = iphoneos;
				SWIFT_OPTIMIZATION_LEVEL = "-Onone";
				TARGETED_DEVICE_FAMILY = "1,2";
			};
			name = Debug;
		};
		CE7211F31B0619600025F072 /* Release */ = {
			isa = XCBuildConfiguration;
			buildSettings = {
				ALWAYS_SEARCH_USER_PATHS = NO;
				CLANG_CXX_LANGUAGE_STANDARD = "gnu++0x";
				CLANG_CXX_LIBRARY = "libc++";
				CLANG_ENABLE_MODULES = YES;
				CLANG_ENABLE_OBJC_ARC = YES;
				CLANG_WARN_BOOL_CONVERSION = YES;
				CLANG_WARN_CONSTANT_CONVERSION = YES;
				CLANG_WARN_DIRECT_OBJC_ISA_USAGE = YES_ERROR;
				CLANG_WARN_EMPTY_BODY = YES;
				CLANG_WARN_ENUM_CONVERSION = YES;
				CLANG_WARN_INT_CONVERSION = YES;
				CLANG_WARN_OBJC_ROOT_CLASS = YES_ERROR;
				CLANG_WARN_UNREACHABLE_CODE = YES;
				CLANG_WARN__DUPLICATE_METHOD_MATCH = YES;
				"CODE_SIGN_IDENTITY[sdk=iphoneos*]" = "iPhone Developer";
				COPY_PHASE_STRIP = NO;
				DEBUG_INFORMATION_FORMAT = "dwarf-with-dsym";
				ENABLE_NS_ASSERTIONS = NO;
				ENABLE_STRICT_OBJC_MSGSEND = YES;
				GCC_C_LANGUAGE_STANDARD = gnu99;
				GCC_NO_COMMON_BLOCKS = YES;
				GCC_WARN_64_TO_32_BIT_CONVERSION = YES;
				GCC_WARN_ABOUT_RETURN_TYPE = YES_ERROR;
				GCC_WARN_UNDECLARED_SELECTOR = YES;
				GCC_WARN_UNINITIALIZED_AUTOS = YES_AGGRESSIVE;
				GCC_WARN_UNUSED_FUNCTION = YES;
				GCC_WARN_UNUSED_VARIABLE = YES;
				IPHONEOS_DEPLOYMENT_TARGET = 8.3;
				MTL_ENABLE_DEBUG_INFO = NO;
				SDKROOT = iphoneos;
				TARGETED_DEVICE_FAMILY = "1,2";
				VALIDATE_PRODUCT = YES;
			};
			name = Release;
		};
		CE7211F51B0619600025F072 /* Debug */ = {
			isa = XCBuildConfiguration;
			buildSettings = {
				ASSETCATALOG_COMPILER_APPICON_NAME = AppIcon;
				INFOPLIST_FILE = SkillTest/Info.plist;
				LD_RUNPATH_SEARCH_PATHS = "$(inherited) @executable_path/Frameworks";
				PRODUCT_NAME = "$(TARGET_NAME)";
			};
			name = Debug;
		};
		CE7211F61B0619600025F072 /* Release */ = {
			isa = XCBuildConfiguration;
			buildSettings = {
				ASSETCATALOG_COMPILER_APPICON_NAME = AppIcon;
				INFOPLIST_FILE = SkillTest/Info.plist;
				LD_RUNPATH_SEARCH_PATHS = "$(inherited) @executable_path/Frameworks";
				PRODUCT_NAME = "$(TARGET_NAME)";
			};
			name = Release;
		};
		CE7211F81B0619600025F072 /* Debug */ = {
			isa = XCBuildConfiguration;
			buildSettings = {
				BUNDLE_LOADER = "$(TEST_HOST)";
				FRAMEWORK_SEARCH_PATHS = (
					"$(SDKROOT)/Developer/Library/Frameworks",
					"$(inherited)",
				);
				GCC_PREPROCESSOR_DEFINITIONS = (
					"DEBUG=1",
					"$(inherited)",
				);
				INFOPLIST_FILE = SkillTestTests/Info.plist;
				LD_RUNPATH_SEARCH_PATHS = "$(inherited) @executable_path/Frameworks @loader_path/Frameworks";
				PRODUCT_NAME = "$(TARGET_NAME)";
				TEST_HOST = "$(BUILT_PRODUCTS_DIR)/SkillTest.app/SkillTest";
			};
			name = Debug;
		};
		CE7211F91B0619600025F072 /* Release */ = {
			isa = XCBuildConfiguration;
			buildSettings = {
				BUNDLE_LOADER = "$(TEST_HOST)";
				FRAMEWORK_SEARCH_PATHS = (
					"$(SDKROOT)/Developer/Library/Frameworks",
					"$(inherited)",
				);
				INFOPLIST_FILE = SkillTestTests/Info.plist;
				LD_RUNPATH_SEARCH_PATHS = "$(inherited) @executable_path/Frameworks @loader_path/Frameworks";
				PRODUCT_NAME = "$(TARGET_NAME)";
				TEST_HOST = "$(BUILT_PRODUCTS_DIR)/SkillTest.app/SkillTest";
			};
			name = Release;
		};
		CE7212191B0619B90025F072 /* Debug */ = {
			isa = XCBuildConfiguration;
			buildSettings = {
				CLANG_ENABLE_MODULES = YES;
				CURRENT_PROJECT_VERSION = 1;
				DEFINES_MODULE = YES;
				DYLIB_COMPATIBILITY_VERSION = 1;
				DYLIB_CURRENT_VERSION = 1;
				DYLIB_INSTALL_NAME_BASE = "@rpath";
				GCC_PREPROCESSOR_DEFINITIONS = (
					"DEBUG=1",
					"$(inherited)",
				);
				INFOPLIST_FILE = Calendar/Info.plist;
				INSTALL_PATH = "$(LOCAL_LIBRARY_DIR)/Frameworks";
				LD_RUNPATH_SEARCH_PATHS = "$(inherited) @executable_path/Frameworks @loader_path/Frameworks";
				PRODUCT_NAME = "$(TARGET_NAME)";
				SKIP_INSTALL = YES;
				SWIFT_OPTIMIZATION_LEVEL = "-Onone";
				VERSIONING_SYSTEM = "apple-generic";
				VERSION_INFO_PREFIX = "";
			};
			name = Debug;
		};
		CE72121A1B0619B90025F072 /* Release */ = {
			isa = XCBuildConfiguration;
			buildSettings = {
				CLANG_ENABLE_MODULES = YES;
				CURRENT_PROJECT_VERSION = 1;
				DEFINES_MODULE = YES;
				DYLIB_COMPATIBILITY_VERSION = 1;
				DYLIB_CURRENT_VERSION = 1;
				DYLIB_INSTALL_NAME_BASE = "@rpath";
				INFOPLIST_FILE = Calendar/Info.plist;
				INSTALL_PATH = "$(LOCAL_LIBRARY_DIR)/Frameworks";
				LD_RUNPATH_SEARCH_PATHS = "$(inherited) @executable_path/Frameworks @loader_path/Frameworks";
				PRODUCT_NAME = "$(TARGET_NAME)";
				SKIP_INSTALL = YES;
				VERSIONING_SYSTEM = "apple-generic";
				VERSION_INFO_PREFIX = "";
			};
			name = Release;
		};
		CE72121D1B0619B90025F072 /* Debug */ = {
			isa = XCBuildConfiguration;
			buildSettings = {
				FRAMEWORK_SEARCH_PATHS = (
					"$(SDKROOT)/Developer/Library/Frameworks",
					"$(inherited)",
				);
				GCC_PREPROCESSOR_DEFINITIONS = (
					"DEBUG=1",
					"$(inherited)",
				);
				INFOPLIST_FILE = CalendarTests/Info.plist;
				LD_RUNPATH_SEARCH_PATHS = "$(inherited) @executable_path/Frameworks @loader_path/Frameworks";
				PRODUCT_NAME = "$(TARGET_NAME)";
				TEST_HOST = "$(BUILT_PRODUCTS_DIR)/SkillTest.app/SkillTest";
			};
			name = Debug;
		};
		CE72121E1B0619B90025F072 /* Release */ = {
			isa = XCBuildConfiguration;
			buildSettings = {
				FRAMEWORK_SEARCH_PATHS = (
					"$(SDKROOT)/Developer/Library/Frameworks",
					"$(inherited)",
				);
				INFOPLIST_FILE = CalendarTests/Info.plist;
				LD_RUNPATH_SEARCH_PATHS = "$(inherited) @executable_path/Frameworks @loader_path/Frameworks";
				PRODUCT_NAME = "$(TARGET_NAME)";
				TEST_HOST = "$(BUILT_PRODUCTS_DIR)/SkillTest.app/SkillTest";
			};
			name = Release;
		};
/* End XCBuildConfiguration section */

/* Begin XCConfigurationList section */
		CE7211D01B0619600025F072 /* Build configuration list for PBXProject "SkillTest" */ = {
			isa = XCConfigurationList;
			buildConfigurations = (
				CE7211F21B0619600025F072 /* Debug */,
				CE7211F31B0619600025F072 /* Release */,
			);
			defaultConfigurationIsVisible = 0;
			defaultConfigurationName = Release;
		};
		CE7211F41B0619600025F072 /* Build configuration list for PBXNativeTarget "SkillTest" */ = {
			isa = XCConfigurationList;
			buildConfigurations = (
				CE7211F51B0619600025F072 /* Debug */,
				CE7211F61B0619600025F072 /* Release */,
			);
			defaultConfigurationIsVisible = 0;
		};
		CE7211F71B0619600025F072 /* Build configuration list for PBXNativeTarget "SkillTestTests" */ = {
			isa = XCConfigurationList;
			buildConfigurations = (
				CE7211F81B0619600025F072 /* Debug */,
				CE7211F91B0619600025F072 /* Release */,
			);
			defaultConfigurationIsVisible = 0;
		};
		CE7212181B0619B90025F072 /* Build configuration list for PBXNativeTarget "Calendar" */ = {
			isa = XCConfigurationList;
			buildConfigurations = (
				CE7212191B0619B90025F072 /* Debug */,
				CE72121A1B0619B90025F072 /* Release */,
			);
			defaultConfigurationIsVisible = 0;
		};
		CE72121C1B0619B90025F072 /* Build configuration list for PBXNativeTarget "CalendarTests" */ = {
			isa = XCConfigurationList;
			buildConfigurations = (
				CE72121D1B0619B90025F072 /* Debug */,
				CE72121E1B0619B90025F072 /* Release */,
			);
			defaultConfigurationIsVisible = 0;
		};
/* End XCConfigurationList section */
	};
	rootObject = CE7211CD1B0619600025F072 /* Project object */;
}
